Microsoft Visual Studio Solution File, Format Version 12.00
# Visual Studio Version 17
VisualStudioVersion = 17.13.35828.75
MinimumVisualStudioVersion = 10.0.40219.1
Project("{FAE04EC0-301F-11D3-BF4B-00C04F79EFBC}") = "MeetingRoomBookingService", "MeetingRoomBookingService\MeetingRoomBookingService.csproj", "{FF1C8F13-9B7E-4BB5-8725-902F09A3E53E}"
EndProject
Global
	GlobalSection(SolutionConfigurationPlatforms) = preSolution
		Debug|Any CPU = Debug|Any CPU
		Release|Any CPU = Release|Any CPU
	EndGlobalSection
	GlobalSection(ProjectConfigurationPlatforms) = postSolution
		{FF1C8F13-9B7E-4BB5-8725-902F09A3E53E}.Debug|Any CPU.ActiveCfg = Debug|Any CPU
		{FF1C8F13-9B7E-4BB5-8725-902F09A3E53E}.Debug|Any CPU.Build.0 = Debug|Any CPU
		{FF1C8F13-9B7E-4BB5-8725-902F09A3E53E}.Release|Any CPU.ActiveCfg = Release|Any CPU
		{FF1C8F13-9B7E-4BB5-8725-902F09A3E53E}.Release|Any CPU.Build.0 = Release|Any CPU
	EndGlobalSection
	GlobalSection(SolutionProperties) = preSolution
		HideSolutionNode = FALSE
	EndGlobalSection
	GlobalSection(ExtensibilityGlobals) = postSolution
		SolutionGuid = {E80D7390-97C3-43FE-AB81-5BE55747E414}
	EndGlobalSection
EndGlobal
